dependencies:
  espressif/esp_modem:
    component_hash: null
    source:
      path: /home/erhan/esp/esp-protocols/components/esp_modem
      type: local
    version: 1.1.0
  espressif/esp_modem_usb_dte:
    component_hash: null
    source:
      path: /home/erhan/esp/esp-protocols/components/esp_modem/examples/modem_console/components/espressif__esp_modem_usb_dte
      type: local
    version: 1.2.1
  espressif/usb_host_cdc_acm:
    component_hash: ab16b9893f0c23a26bf620ce968b75b3a1a9394e579257a468202ec9803d937d
    source:
      service_url: https://api.components.espressif.com/
      type: service
    version: 2.0.3
  idf:
    component_hash: null
    source:
      type: idf
    version: 5.3.0
  joltwallet/littlefs:
    component_hash: 362f1f5beb5087b0c60169aff82676d2d0ffc991ead975212b0cba95959181c5
    source:
      service_url: https://api.components.espressif.com/
      type: service
    version: 1.14.8
manifest_hash: 0722e033ea58a1d3921e222a9341a518ec804500f2488ca531fae88f97b02ea3
target: esp32s3
version: 1.0.0
